
Microsoft Visual Studio Solution File, Format Version 12.00
# Visual Studio Version 17
VisualStudioVersion = 17.4.33213.308
MinimumVisualStudioVersion = 10.0.40219.1
Project("{8BC9CEB8-8B4A-11D0-8D11-00A0C91BC942}") = "Nosnake", "Nosnake\Nosnake.vcxproj", "{8DED9BF8-2FB1-4E2F-ADB6-6E025772BBD6}"
EndProject
Global
	GlobalSection(SolutionConfigurationPlatforms) = preSolution
		Debug|x64 = Debug|x64
		Debug|x86 = Debug|x86
		Release|x64 = Release|x64
		Release|x86 = Release|x86
	EndGlobalSection
	GlobalSection(ProjectConfigurationPlatforms) = postSolution
		{8DED9BF8-2FB1-4E2F-ADB6-6E025772BBD6}.Debug|x64.ActiveCfg = Debug|x64
		{8DED9BF8-2FB1-4E2F-ADB6-6E025772BBD6}.Debug|x64.Build.0 = Debug|x64
		{8DED9BF8-2FB1-4E2F-ADB6-6E025772BBD6}.Debug|x86.ActiveCfg = Debug|Win32
		{8DED9BF8-2FB1-4E2F-ADB6-6E025772BBD6}.Debug|x86.Build.0 = Debug|Win32
		{8DED9BF8-2FB1-4E2F-ADB6-6E025772BBD6}.Release|x64.ActiveCfg = Release|x64
		{8DED9BF8-2FB1-4E2F-ADB6-6E025772BBD6}.Release|x64.Build.0 = Release|x64
		{8DED9BF8-2FB1-4E2F-ADB6-6E025772BBD6}.Release|x86.ActiveCfg = Release|Win32
		{8DED9BF8-2FB1-4E2F-ADB6-6E025772BBD6}.Release|x86.Build.0 = Release|Win32
	EndGlobalSection
	GlobalSection(SolutionProperties) = preSolution
		HideSolutionNode = FALSE
	EndGlobalSection
	GlobalSection(ExtensibilityGlobals) = postSolution
		SolutionGuid = {68BD0310-9EA5-4427-BC95-28AA04EBEE5F}
	EndGlobalSection
EndGlobal
